
Microsoft Visual Studio Solution File, Format Version 12.00
# Visual Studio Version 16
VisualStudioVersion = 16.0.31515.178
MinimumVisualStudioVersion = 10.0.40219.1
Project("{9A19103F-16F7-4668-BE54-9A1E7A4F7556}") = "DotNetCoreCamp", "DotNetCoreCamp\DotNetCoreCamp.csproj", "{1F515F92-154A-42B9-B79D-701506710865}"
EndProject
Project("{9A19103F-16F7-4668-BE54-9A1E7A4F7556}") = "EntityLayer", "EntityLayer\EntityLayer.csproj", "{DA47812C-9946-4618-A59B-7EFB44224CD1}"
EndProject
Project("{9A19103F-16F7-4668-BE54-9A1E7A4F7556}") = "DataAccessLayer", "DataAccessLayer\DataAccessLayer.csproj", "{FC9C82AD-773E-4F73-A36B-085EF29DDA1B}"
EndProject
Project("{9A19103F-16F7-4668-BE54-9A1E7A4F7556}") = "BusinessLayer", "BusinessLayer\BusinessLayer.csproj", "{AF7C84DE-F7A7-4A1B-A418-8D64EBDD56A6}"
EndProject
Project("{9A19103F-16F7-4668-BE54-9A1E7A4F7556}") = "CoreLayer", "CoreLayer\CoreLayer.csproj", "{7D3BB16B-A72B-46A8-95BE-EFE06290ADDA}"
EndProject
Project("{FAE04EC0-301F-11D3-BF4B-00C04F79EFBC}") = "BlogApiDemo", "BlogApiDemo\BlogApiDemo.csproj", "{B084E394-FEE3-40A7-B9D3-99C05310815B}"
EndProject
Global
	GlobalSection(SolutionConfigurationPlatforms) = preSolution
		Debug|Any CPU = Debug|Any CPU
		Release|Any CPU = Release|Any CPU
	EndGlobalSection
	GlobalSection(ProjectConfigurationPlatforms) = postSolution
		{1F515F92-154A-42B9-B79D-701506710865}.Debug|Any CPU.ActiveCfg = Debug|Any CPU
		{1F515F92-154A-42B9-B79D-701506710865}.Debug|Any CPU.Build.0 = Debug|Any CPU
		{1F515F92-154A-42B9-B79D-701506710865}.Release|Any CPU.ActiveCfg = Release|Any CPU
		{1F515F92-154A-42B9-B79D-701506710865}.Release|Any CPU.Build.0 = Release|Any CPU
		{DA47812C-9946-4618-A59B-7EFB44224CD1}.Debug|Any CPU.ActiveCfg = Debug|Any CPU
		{DA47812C-9946-4618-A59B-7EFB44224CD1}.Debug|Any CPU.Build.0 = Debug|Any CPU
		{DA47812C-9946-4618-A59B-7EFB44224CD1}.Release|Any CPU.ActiveCfg = Release|Any CPU
		{DA47812C-9946-4618-A59B-7EFB44224CD1}.Release|Any CPU.Build.0 = Release|Any CPU
		{FC9C82AD-773E-4F73-A36B-085EF29DDA1B}.Debug|Any CPU.ActiveCfg = Debug|Any CPU
		{FC9C82AD-773E-4F73-A36B-085EF29DDA1B}.Debug|Any CPU.Build.0 = Debug|Any CPU
		{FC9C82AD-773E-4F73-A36B-085EF29DDA1B}.Release|Any CPU.ActiveCfg = Release|Any CPU
		{FC9C82AD-773E-4F73-A36B-085EF29DDA1B}.Release|Any CPU.Build.0 = Release|Any CPU
		{AF7C84DE-F7A7-4A1B-A418-8D64EBDD56A6}.Debug|Any CPU.ActiveCfg = Debug|Any CPU
		{AF7C84DE-F7A7-4A1B-A418-8D64EBDD56A6}.Debug|Any CPU.Build.0 = Debug|Any CPU
		{AF7C84DE-F7A7-4A1B-A418-8D64EBDD56A6}.Release|Any CPU.ActiveCfg = Release|Any CPU
		{AF7C84DE-F7A7-4A1B-A418-8D64EBDD56A6}.Release|Any CPU.Build.0 = Release|Any CPU
		{7D3BB16B-A72B-46A8-95BE-EFE06290ADDA}.Debug|Any CPU.ActiveCfg = Debug|Any CPU
		{7D3BB16B-A72B-46A8-95BE-EFE06290ADDA}.Debug|Any CPU.Build.0 = Debug|Any CPU
		{7D3BB16B-A72B-46A8-95BE-EFE06290ADDA}.Release|Any CPU.ActiveCfg = Release|Any CPU
		{7D3BB16B-A72B-46A8-95BE-EFE06290ADDA}.Release|Any CPU.Build.0 = Release|Any CPU
		{B084E394-FEE3-40A7-B9D3-99C05310815B}.Debug|Any CPU.ActiveCfg = Debug|Any CPU
		{B084E394-FEE3-40A7-B9D3-99C05310815B}.Debug|Any CPU.Build.0 = Debug|Any CPU
		{B084E394-FEE3-40A7-B9D3-99C05310815B}.Release|Any CPU.ActiveCfg = Release|Any CPU
		{B084E394-FEE3-40A7-B9D3-99C05310815B}.Release|Any CPU.Build.0 = Release|Any CPU
	EndGlobalSection
	GlobalSection(SolutionProperties) = preSolution
		HideSolutionNode = FALSE
	EndGlobalSection
	GlobalSection(ExtensibilityGlobals) = postSolution
		SolutionGuid = {53F1B797-EFD3-4663-A322-53B62027A5FC}
	EndGlobalSection
EndGlobal
